
Microsoft Visual Studio Solution File, Format Version 12.00
# Visual Studio Version 17
VisualStudioVersion = 17.2.32516.85
MinimumVisualStudioVersion = 10.0.40219.1
Project("{FAE04EC0-301F-11D3-BF4B-00C04F79EFBC}") = "1FLEET", "1FLEET\1FLEET.csproj", "{486CD815-3851-495C-90D1-D491B31A8F6E}"
EndProject
Global
	GlobalSection(SolutionConfigurationPlatforms) = preSolution
		Debug|Any CPU = Debug|Any CPU
		Release|Any CPU = Release|Any CPU
	EndGlobalSection
	GlobalSection(ProjectConfigurationPlatforms) = postSolution
		{486CD815-3851-495C-90D1-D491B31A8F6E}.Debug|Any CPU.ActiveCfg = Debug|Any CPU
		{486CD815-3851-495C-90D1-D491B31A8F6E}.Debug|Any CPU.Build.0 = Debug|Any CPU
		{486CD815-3851-495C-90D1-D491B31A8F6E}.Release|Any CPU.ActiveCfg = Release|Any CPU
		{486CD815-3851-495C-90D1-D491B31A8F6E}.Release|Any CPU.Build.0 = Release|Any CPU
	EndGlobalSection
	GlobalSection(SolutionProperties) = preSolution
		HideSolutionNode = FALSE
	EndGlobalSection
	GlobalSection(ExtensibilityGlobals) = postSolution
		SolutionGuid = {854B8E0F-C554-4BA0-844B-38A567721045}
	EndGlobalSection
EndGlobal
